// !$*UTF8*$!
{
	archiveVersion = 1;
	classes = {
	};
	objectVersion = 50;
	objects = {

/* Begin PBXBuildFile section */
		E3BE85232704EBCF000B624A /* AppDelegate.swift in Sources */ = {isa = PBXBuildFile; fileRef = E3BE85222704EBCF000B624A /* AppDelegate.swift */; };
		E3BE85252704EBCF000B624A /* SceneDelegate.swift in Sources */ = {isa = PBXBuildFile; fileRef = E3BE85242704EBCF000B624A /* SceneDelegate.swift */; };
		E3BE85272704EBCF000B624A /* ViewController.swift in Sources */ = {isa = PBXBuildFile; fileRef = E3BE85262704EBCF000B624A /* ViewController.swift */; };
		E3BE852A2704EBCF000B624A /* Main.storyboard in Resources */ = {isa = PBXBuildFile; fileRef = E3BE85282704EBCF000B624A /* Main.storyboard */; };
		E3BE852C2704EBD1000B624A /* Assets.xcassets in Resources */ = {isa = PBXBuildFile; fileRef = E3BE852B2704EBD1000B624A /* Assets.xcassets */; };
		E3BE852F2704EBD1000B624A /* LaunchScreen.storyboard in Resources */ = {isa = PBXBuildFile; fileRef = E3BE852D2704EBD1000B624A /* LaunchScreen.storyboard */; };
		E3BE853A2704EBD1000B624A /* MVVMCombinePOCTests.swift in Sources */ = {isa = PBXBuildFile; fileRef = E3BE85392704EBD1000B624A /* MVVMCombinePOCTests.swift */; };
		E3BE85452704EBD1000B624A /* MVVMCombinePOCUITests.swift in Sources */ = {isa = PBXBuildFile; fileRef = E3BE85442704EBD1000B624A /* MVVMCombinePOCUITests.swift */; };
/* End PBXBuildFile section */

/* Begin PBXContainerItemProxy section */
		E3BE85362704EBD1000B624A /* PBXContainerItemProxy */ = {
			isa = PBXContainerItemProxy;
			containerPortal = E3BE85172704EBCF000B624A /* Project object */;
			proxyType = 1;
			remoteGlobalIDString = E3BE851E2704EBCF000B624A;
			remoteInfo = MVVMCombinePOC;
		};
		E3BE85412704EBD1000B624A /* PBXContainerItemProxy */ = {
			isa = PBXContainerItemProxy;
			containerPortal = E3BE85172704EBCF000B624A /* Project object */;
			proxyType = 1;
			remoteGlobalIDString = E3BE851E2704EBCF000B624A;
			remoteInfo = MVVMCombinePOC;
		};
/* End PBXContainerItemProxy section */

/* Begin PBXFileReference section */
		E3BE851F2704EBCF000B624A /* MVVMCombinePOC.app */ = {isa = PBXFileReference; explicitFileType = wrapper.application; includeInIndex = 0; path = MVVMCombinePOC.app; sourceTree = BUILT_PRODUCTS_DIR; };
		E3BE85222704EBCF000B624A /* AppDelegate.swift */ = {isa = PBXFileReference; lastKnownFileType = sourcecode.swift; path = AppDelegate.swift; sourceTree = "<group>"; };
		E3BE85242704EBCF000B624A /* SceneDelegate.swift */ = {isa = PBXFileReference; lastKnownFileType = sourcecode.swift; path = SceneDelegate.swift; sourceTree = "<group>"; };
		E3BE85262704EBCF000B624A /* ViewController.swift */ = {isa = PBXFileReference; lastKnownFileType = sourcecode.swift; path = ViewController.swift; sourceTree = "<group>"; };
		E3BE85292704EBCF000B624A /* Base */ = {isa = PBXFileReference; lastKnownFileType = file.storyboard; name = Base; path = Base.lproj/Main.storyboard; sourceTree = "<group>"; };
		E3BE852B2704EBD1000B624A /* Assets.xcassets */ = {isa = PBXFileReference; lastKnownFileType = folder.assetcatalog; path = Assets.xcassets; sourceTree = "<group>"; };
		E3BE852E2704EBD1000B624A /* Base */ = {isa = PBXFileReference; lastKnownFileType = file.storyboard; name = Base; path = Base.lproj/LaunchScreen.storyboard; sourceTree = "<group>"; };
		E3BE85302704EBD1000B624A /* Info.plist */ = {isa = PBXFileReference; lastKnownFileType = text.plist.xml; path = Info.plist; sourceTree = "<group>"; };
		E3BE85352704EBD1000B624A /* MVVMCombinePOCTests.xctest */ = {isa = PBXFileReference; explicitFileType = wrapper.cfbundle; includeInIndex = 0; path = MVVMCombinePOCTests.xctest; sourceTree = BUILT_PRODUCTS_DIR; };
		E3BE85392704EBD1000B624A /* MVVMCombinePOCTests.swift */ = {isa = PBXFileReference; lastKnownFileType = sourcecode.swift; path = MVVMCombinePOCTests.swift; sourceTree = "<group>"; };
		E3BE853B2704EBD1000B624A /* Info.plist */ = {isa = PBXFileReference; lastKnownFileType = text.plist.xml; path = Info.plist; sourceTree = "<group>"; };
		E3BE85402704EBD1000B624A /* MVVMCombinePOCUITests.xctest */ = {isa = PBXFileReference; explicitFileType = wrapper.cfbundle; includeInIndex = 0; path = MVVMCombinePOCUITests.xctest; sourceTree = BUILT_PRODUCTS_DIR; };
		E3BE85442704EBD1000B624A /* MVVMCombinePOCUITests.swift */ = {isa = PBXFileReference; lastKnownFileType = sourcecode.swift; path = MVVMCombinePOCUITests.swift; sourceTree = "<group>"; };
		E3BE85462704EBD1000B624A /* Info.plist */ = {isa = PBXFileReference; lastKnownFileType = text.plist.xml; path = Info.plist; sourceTree = "<group>"; };
/* End PBXFileReference section */

/* Begin PBXFrameworksBuildPhase section */
		E3BE851C2704EBCF000B624A /* Frameworks */ = {
			isa = PBXFrameworksBuildPhase;
			buildActionMask = 2147483647;
			files = (
			);
			runOnlyForDeploymentPostprocessing = 0;
		};
		E3BE85322704EBD1000B624A /* Frameworks */ = {
			isa = PBXFrameworksBuildPhase;
			buildActionMask = 2147483647;
			files = (
			);
			runOnlyForDeploymentPostprocessing = 0;
		};
		E3BE853D2704EBD1000B624A /* Frameworks */ = {
			isa = PBXFrameworksBuildPhase;
			buildActionMask = 2147483647;
			files = (
			);
			runOnlyForDeploymentPostprocessing = 0;
		};
/* End PBXFrameworksBuildPhase section */

/* Begin PBXGroup section */
		E3BE85162704EBCF000B624A = {
			isa = PBXGroup;
			children = (
				E3BE85212704EBCF000B624A /* MVVMCombinePOC */,
				E3BE85382704EBD1000B624A /* MVVMCombinePOCTests */,
				E3BE85432704EBD1000B624A /* MVVMCombinePOCUITests */,
				E3BE85202704EBCF000B624A /* Products */,
			);
			sourceTree = "<group>";
		};
		E3BE85202704EBCF000B624A /* Products */ = {
			isa = PBXGroup;
			children = (
				E3BE851F2704EBCF000B624A /* MVVMCombinePOC.app */,
				E3BE85352704EBD1000B624A /* MVVMCombinePOCTests.xctest */,
				E3BE85402704EBD1000B624A /* MVVMCombinePOCUITests.xctest */,
			);
			name = Products;
			sourceTree = "<group>";
		};
		E3BE85212704EBCF000B624A /* MVVMCombinePOC */ = {
			isa = PBXGroup;
			children = (
				E3BE85222704EBCF000B624A /* AppDelegate.swift */,
				E3BE85242704EBCF000B624A /* SceneDelegate.swift */,
				E3BE85262704EBCF000B624A /* ViewController.swift */,
				E3BE85282704EBCF000B624A /* Main.storyboard */,
				E3BE852B2704EBD1000B624A /* Assets.xcassets */,
				E3BE852D2704EBD1000B624A /* LaunchScreen.storyboard */,
				E3BE85302704EBD1000B624A /* Info.plist */,
			);
			path = MVVMCombinePOC;
			sourceTree = "<group>";
		};
		E3BE85382704EBD1000B624A /* MVVMCombinePOCTests */ = {
			isa = PBXGroup;
			children = (
				E3BE85392704EBD1000B624A /* MVVMCombinePOCTests.swift */,
				E3BE853B2704EBD1000B624A /* Info.plist */,
			);
			path = MVVMCombinePOCTests;
			sourceTree = "<group>";
		};
		E3BE85432704EBD1000B624A /* MVVMCombinePOCUITests */ = {
			isa = PBXGroup;
			children = (
				E3BE85442704EBD1000B624A /* MVVMCombinePOCUITests.swift */,
				E3BE85462704EBD1000B624A /* Info.plist */,
			);
			path = MVVMCombinePOCUITests;
			sourceTree = "<group>";
		};
/* End PBXGroup section */

/* Begin PBXNativeTarget section */
		E3BE851E2704EBCF000B624A /* MVVMCombinePOC */ = {
			isa = PBXNativeTarget;
			buildConfigurationList = E3BE85492704EBD1000B624A /* Build configuration list for PBXNativeTarget "MVVMCombinePOC" */;
			buildPhases = (
				E3BE851B2704EBCF000B624A /* Sources */,
				E3BE851C2704EBCF000B624A /* Frameworks */,
				E3BE851D2704EBCF000B624A /* Resources */,
			);
			buildRules = (
			);
			dependencies = (
			);
			name = MVVMCombinePOC;
			productName = MVVMCombinePOC;
			productReference = E3BE851F2704EBCF000B624A /* MVVMCombinePOC.app */;
			productType = "com.apple.product-type.application";
		};
		E3BE85342704EBD1000B624A /* MVVMCombinePOCTests */ = {
			isa = PBXNativeTarget;
			buildConfigurationList = E3BE854C2704EBD1000B624A /* Build configuration list for PBXNativeTarget "MVVMCombinePOCTests" */;
			buildPhases = (
				E3BE85312704EBD1000B624A /* Sources */,
				E3BE85322704EBD1000B624A /* Frameworks */,
				E3BE85332704EBD1000B624A /* Resources */,
			);
			buildRules = (
			);
			dependencies = (
				E3BE85372704EBD1000B624A /* PBXTargetDependency */,
			);
			name = MVVMCombinePOCTests;
			productName = MVVMCombinePOCTests;
			productReference = E3BE85352704EBD1000B624A /* MVVMCombinePOCTests.xctest */;
			productType = "com.apple.product-type.bundle.unit-test";
		};
		E3BE853F2704EBD1000B624A /* MVVMCombinePOCUITests */ = {
			isa = PBXNativeTarget;
			buildConfigurationList = E3BE854F2704EBD1000B624A /* Build configuration list for PBXNativeTarget "MVVMCombinePOCUITests" */;
			buildPhases = (
				E3BE853C2704EBD1000B624A /* Sources */,
				E3BE853D2704EBD1000B624A /* Frameworks */,
				E3BE853E2704EBD1000B624A /* Resources */,
			);
			buildRules = (
			);
			dependencies = (
				E3BE85422704EBD1000B624A /* PBXTargetDependency */,
			);
			name = MVVMCombinePOCUITests;
			productName = MVVMCombinePOCUITests;
			productReference = E3BE85402704EBD1000B624A /* MVVMCombinePOCUITests.xctest */;
			productType = "com.apple.product-type.bundle.ui-testing";
		};
/* End PBXNativeTarget section */

/* Begin PBXProject section */
		E3BE85172704EBCF000B624A /* Project object */ = {
			isa = PBXProject;
			attributes = {
				LastSwiftUpdateCheck = 1250;
				LastUpgradeCheck = 1250;
				TargetAttributes = {
					E3BE851E2704EBCF000B624A = {
						CreatedOnToolsVersion = 12.5.1;
					};
					E3BE85342704EBD1000B624A = {
						CreatedOnToolsVersion = 12.5.1;
						TestTargetID = E3BE851E2704EBCF000B624A;
					};
					E3BE853F2704EBD1000B624A = {
						CreatedOnToolsVersion = 12.5.1;
						TestTargetID = E3BE851E2704EBCF000B624A;
					};
				};
			};
			buildConfigurationList = E3BE851A2704EBCF000B624A /* Build configuration list for PBXProject "MVVMCombinePOC" */;
			compatibilityVersion = "Xcode 9.3";
			developmentRegion = en;
			hasScannedForEncodings = 0;
			knownRegions = (
				en,
				Base,
			);
			mainGroup = E3BE85162704EBCF000B624A;
			productRefGroup = E3BE85202704EBCF000B624A /* Products */;
			projectDirPath = "";
			projectRoot = "";
			targets = (
				E3BE851E2704EBCF000B624A /* MVVMCombinePOC */,
				E3BE85342704EBD1000B624A /* MVVMCombinePOCTests */,
				E3BE853F2704EBD1000B624A /* MVVMCombinePOCUITests */,
			);
		};
/* End PBXProject section */

/* Begin PBXResourcesBuildPhase section */
		E3BE851D2704EBCF000B624A /* Resources */ = {
			isa = PBXResourcesBuildPhase;
			buildActionMask = 2147483647;
			files = (
				E3BE852F2704EBD1000B624A /* LaunchScreen.storyboard in Resources */,
				E3BE852C2704EBD1000B624A /* Assets.xcassets in Resources */,
				E3BE852A2704EBCF000B624A /* Main.storyboard in Resources */,
			);
			runOnlyForDeploymentPostprocessing = 0;
		};
		E3BE85332704EBD1000B624A /* Resources */ = {
			isa = PBXResourcesBuildPhase;
			buildActionMask = 2147483647;
			files = (
			);
			runOnlyForDeploymentPostprocessing = 0;
		};
		E3BE853E2704EBD1000B624A /* Resources */ = {
			isa = PBXResourcesBuildPhase;
			buildActionMask = 2147483647;
			files = (
			);
			runOnlyForDeploymentPostprocessing = 0;
		};
/* End PBXResourcesBuildPhase section */

/* Begin PBXSourcesBuildPhase section */
		E3BE851B2704EBCF000B624A /* Sources */ = {
			isa = PBXSourcesBuildPhase;
			buildActionMask = 2147483647;
			files = (
				E3BE85272704EBCF000B624A /* ViewController.swift in Sources */,
				E3BE85232704EBCF000B624A /* AppDelegate.swift in Sources */,
				E3BE85252704EBCF000B624A /* SceneDelegate.swift in Sources */,
			);
			runOnlyForDeploymentPostprocessing = 0;
		};
		E3BE85312704EBD1000B624A /* Sources */ = {
			isa = PBXSourcesBuildPhase;
			buildActionMask = 2147483647;
			files = (
				E3BE853A2704EBD1000B624A /* MVVMCombinePOCTests.swift in Sources */,
			);
			runOnlyForDeploymentPostprocessing = 0;
		};
		E3BE853C2704EBD1000B624A /* Sources */ = {
			isa = PBXSourcesBuildPhase;
			buildActionMask = 2147483647;
			files = (
				E3BE85452704EBD1000B624A /* MVVMCombinePOCUITests.swift in Sources */,
			);
			runOnlyForDeploymentPostprocessing = 0;
		};
/* End PBXSourcesBuildPhase section */

/* Begin PBXTargetDependency section */
		E3BE85372704EBD1000B624A /* PBXTargetDependency */ = {
			isa = PBXTargetDependency;
			target = E3BE851E2704EBCF000B624A /* MVVMCombinePOC */;
			targetProxy = E3BE85362704EBD1000B624A /* PBXContainerItemProxy */;
		};
		E3BE85422704EBD1000B624A /* PBXTargetDependency */ = {
			isa = PBXTargetDependency;
			target = E3BE851E2704EBCF000B624A /* MVVMCombinePOC */;
			targetProxy = E3BE85412704EBD1000B624A /* PBXContainerItemProxy */;
		};
/* End PBXTargetDependency section */

/* Begin PBXVariantGroup section */
		E3BE85282704EBCF000B624A /* Main.storyboard */ = {
			isa = PBXVariantGroup;
			children = (
				E3BE85292704EBCF000B624A /* Base */,
			);
			name = Main.storyboard;
			sourceTree = "<group>";
		};
		E3BE852D2704EBD1000B624A /* LaunchScreen.storyboard */ = {
			isa = PBXVariantGroup;
			children = (
				E3BE852E2704EBD1000B624A /* Base */,
			);
			name = LaunchScreen.storyboard;
			sourceTree = "<group>";
		};
/* End PBXVariantGroup section */

/* Begin XCBuildConfiguration section */
		E3BE85472704EBD1000B624A /* Debug */ = {
			isa = XCBuildConfiguration;
			buildSettings = {
				ALWAYS_SEARCH_USER_PATHS = NO;
				CLANG_ANALYZER_NONNULL = YES;
				CLANG_ANALYZER_NUMBER_OBJECT_CONVERSION = YES_AGGRESSIVE;
				CLANG_CXX_LANGUAGE_STANDARD = "gnu++14";
				CLANG_CXX_LIBRARY = "libc++";
				CLANG_ENABLE_MODULES = YES;
				CLANG_ENABLE_OBJC_ARC = YES;
				CLANG_ENABLE_OBJC_WEAK = YES;
				CLANG_WARN_BLOCK_CAPTURE_AUTORELEASING = YES;
				CLANG_WARN_BOOL_CONVERSION = YES;
				CLANG_WARN_COMMA = YES;
				CLANG_WARN_CONSTANT_CONVERSION = YES;
				CLANG_WARN_DEPRECATED_OBJC_IMPLEMENTATIONS = YES;
				CLANG_WARN_DIRECT_OBJC_ISA_USAGE = YES_ERROR;
				CLANG_WARN_DOCUMENTATION_COMMENTS = YES;
				CLANG_WARN_EMPTY_BODY = YES;
				CLANG_WARN_ENUM_CONVERSION = YES;
				CLANG_WARN_INFINITE_RECURSION = YES;
				CLANG_WARN_INT_CONVERSION = YES;
				CLANG_WARN_NON_LITERAL_NULL_CONVERSION = YES;
				CLANG_WARN_OBJC_IMPLICIT_RETAIN_SELF = YES;
				CLANG_WARN_OBJC_LITERAL_CONVERSION = YES;
				CLANG_WARN_OBJC_ROOT_CLASS = YES_ERROR;
				CLANG_WARN_QUOTED_INCLUDE_IN_FRAMEWORK_HEADER = YES;
				CLANG_WARN_RANGE_LOOP_ANALYSIS = YES;
				CLANG_WARN_STRICT_PROTOTYPES = YES;
				CLANG_WARN_SUSPICIOUS_MOVE = YES;
				CLANG_WARN_UNGUARDED_AVAILABILITY = YES_AGGRESSIVE;
				CLANG_WARN_UNREACHABLE_CODE = YES;
				CLANG_WARN__DUPLICATE_METHOD_MATCH = YES;
				COPY_PHASE_STRIP = NO;
				DEBUG_INFORMATION_FORMAT = dwarf;
				ENABLE_STRICT_OBJC_MSGSEND = YES;
				ENABLE_TESTABILITY = YES;
				GCC_C_LANGUAGE_STANDARD = gnu11;
				GCC_DYNAMIC_NO_PIC = NO;
				GCC_NO_COMMON_BLOCKS = YES;
				GCC_OPTIMIZATION_LEVEL = 0;
				GCC_PREPROCESSOR_DEFINITIONS = (
					"DEBUG=1",
					"$(inherited)",
				);
				GCC_WARN_64_TO_32_BIT_CONVERSION = YES;
				GCC_WARN_ABOUT_RETURN_TYPE = YES_ERROR;
				GCC_WARN_UNDECLARED_SELECTOR = YES;
				GCC_WARN_UNINITIALIZED_AUTOS = YES_AGGRESSIVE;
				GCC_WARN_UNUSED_FUNCTION = YES;
				GCC_WARN_UNUSED_VARIABLE = YES;
				IPHONEOS_DEPLOYMENT_TARGET = 14.5;
				MTL_ENABLE_DEBUG_INFO = INCLUDE_SOURCE;
				MTL_FAST_MATH = YES;
				ONLY_ACTIVE_ARCH = YES;
				SDKROOT = iphoneos;
				SWIFT_ACTIVE_COMPILATION_CONDITIONS = DEBUG;
				SWIFT_OPTIMIZATION_LEVEL = "-Onone";
			};
			name = Debug;
		};
		E3BE85482704EBD1000B624A /* Release */ = {
			isa = XCBuildConfiguration;
			buildSettings = {
				ALWAYS_SEARCH_USER_PATHS = NO;
				CLANG_ANALYZER_NONNULL = YES;
				CLANG_ANALYZER_NUMBER_OBJECT_CONVERSION = YES_AGGRESSIVE;
				CLANG_CXX_LANGUAGE_STANDARD = "gnu++14";
				CLANG_CXX_LIBRARY = "libc++";
				CLANG_ENABLE_MODULES = YES;
				CLANG_ENABLE_OBJC_ARC = YES;
				CLANG_ENABLE_OBJC_WEAK = YES;
				CLANG_WARN_BLOCK_CAPTURE_AUTORELEASING = YES;
				CLANG_WARN_BOOL_CONVERSION = YES;
				CLANG_WARN_COMMA = YES;
				CLANG_WARN_CONSTANT_CONVERSION = YES;
				CLANG_WARN_DEPRECATED_OBJC_IMPLEMENTATIONS = YES;
				CLANG_WARN_DIRECT_OBJC_ISA_USAGE = YES_ERROR;
				CLANG_WARN_DOCUMENTATION_COMMENTS = YES;
				CLANG_WARN_EMPTY_BODY = YES;
				CLANG_WARN_ENUM_CONVERSION = YES;
				CLANG_WARN_INFINITE_RECURSION = YES;
				CLANG_WARN_INT_CONVERSION = YES;
				CLANG_WARN_NON_LITERAL_NULL_CONVERSION = YES;
				CLANG_WARN_OBJC_IMPLICIT_RETAIN_SELF = YES;
				CLANG_WARN_OBJC_LITERAL_CONVERSION = YES;
				CLANG_WARN_OBJC_ROOT_CLASS = YES_ERROR;
				CLANG_WARN_QUOTED_INCLUDE_IN_FRAMEWORK_HEADER = YES;
				CLANG_WARN_RANGE_LOOP_ANALYSIS = YES;
				CLANG_WARN_STRICT_PROTOTYPES = YES;
				CLANG_WARN_SUSPICIOUS_MOVE = YES;
				CLANG_WARN_UNGUARDED_AVAILABILITY = YES_AGGRESSIVE;
				CLANG_WARN_UNREACHABLE_CODE = YES;
				CLANG_WARN__DUPLICATE_METHOD_MATCH = YES;
				COPY_PHASE_STRIP = NO;
				DEBUG_INFORMATION_FORMAT = "dwarf-with-dsym";
				ENABLE_NS_ASSERTIONS = NO;
				ENABLE_STRICT_OBJC_MSGSEND = YES;
				GCC_C_LANGUAGE_STANDARD = gnu11;
				GCC_NO_COMMON_BLOCKS = YES;
				GCC_WARN_64_TO_32_BIT_CONVERSION = YES;
				GCC_WARN_ABOUT_RETURN_TYPE = YES_ERROR;
				GCC_WARN_UNDECLARED_SELECTOR = YES;
				GCC_WARN_UNINITIALIZED_AUTOS = YES_AGGRESSIVE;
				GCC_WARN_UNUSED_FUNCTION = YES;
				GCC_WARN_UNUSED_VARIABLE = YES;
				IPHONEOS_DEPLOYMENT_TARGET = 14.5;
				MTL_ENABLE_DEBUG_INFO = NO;
				MTL_FAST_MATH = YES;
				SDKROOT = iphoneos;
				SWIFT_COMPILATION_MODE = wholemodule;
				SWIFT_OPTIMIZATION_LEVEL = "-O";
				VALIDATE_PRODUCT = YES;
			};
			name = Release;
		};
		E3BE854A2704EBD1000B624A /* Debug */ = {
			isa = XCBuildConfiguration;
			buildSettings = {
				ASSETCATALOG_COMPILER_APPICON_NAME = AppIcon;
				ASSETCATALOG_COMPILER_GLOBAL_ACCENT_COLOR_NAME = AccentColor;
				CODE_SIGN_STYLE = Automatic;
				DEVELOPMENT_TEAM = V48W5BN55R;
				INFOPLIST_FILE = MVVMCombinePOC/Info.plist;
				LD_RUNPATH_SEARCH_PATHS = (
					"$(inherited)",
					"@executable_path/Frameworks",
				);
				PRODUCT_BUNDLE_IDENTIFIER = com.test.MVVMCombinePOC;
				PRODUCT_NAME = "$(TARGET_NAME)";
				SWIFT_VERSION = 5.0;
				TARGETED_DEVICE_FAMILY = "1,2";
			};
			name = Debug;
		};
		E3BE854B2704EBD1000B624A /* Release */ = {
			isa = XCBuildConfiguration;
			buildSettings = {
				ASSETCATALOG_COMPILER_APPICON_NAME = AppIcon;
				ASSETCATALOG_COMPILER_GLOBAL_ACCENT_COLOR_NAME = AccentColor;
				CODE_SIGN_STYLE = Automatic;
				DEVELOPMENT_TEAM = V48W5BN55R;
				INFOPLIST_FILE = MVVMCombinePOC/Info.plist;
				LD_RUNPATH_SEARCH_PATHS = (
					"$(inherited)",
					"@executable_path/Frameworks",
				);
				PRODUCT_BUNDLE_IDENTIFIER = com.test.MVVMCombinePOC;
				PRODUCT_NAME = "$(TARGET_NAME)";
				SWIFT_VERSION = 5.0;
				TARGETED_DEVICE_FAMILY = "1,2";
			};
			name = Release;
		};
		E3BE854D2704EBD1000B624A /* Debug */ = {
			isa = XCBuildConfiguration;
			buildSettings = {
				ALWAYS_EMBED_SWIFT_STANDARD_LIBRARIES = YES;
				BUNDLE_LOADER = "$(TEST_HOST)";
				CODE_SIGN_STYLE = Automatic;
				DEVELOPMENT_TEAM = V48W5BN55R;
				INFOPLIST_FILE = MVVMCombinePOCTests/Info.plist;
				IPHONEOS_DEPLOYMENT_TARGET = 14.5;
				LD_RUNPATH_SEARCH_PATHS = (
					"$(inherited)",
					"@executable_path/Frameworks",
					"@loader_path/Frameworks",
				);
				PRODUCT_BUNDLE_IDENTIFIER = com.test.MVVMCombinePOCTests;
				PRODUCT_NAME = "$(TARGET_NAME)";
				SWIFT_VERSION = 5.0;
				TARGETED_DEVICE_FAMILY = "1,2";
				TEST_HOST = "$(BUILT_PRODUCTS_DIR)/MVVMCombinePOC.app/MVVMCombinePOC";
			};
			name = Debug;
		};
		E3BE854E2704EBD1000B624A /* Release */ = {
			isa = XCBuildConfiguration;
			buildSettings = {
				ALWAYS_EMBED_SWIFT_STANDARD_LIBRARIES = YES;
				BUNDLE_LOADER = "$(TEST_HOST)";
				CODE_SIGN_STYLE = Automatic;
				DEVELOPMENT_TEAM = V48W5BN55R;
				INFOPLIST_FILE = MVVMCombinePOCTests/Info.plist;
				IPHONEOS_DEPLOYMENT_TARGET = 14.5;
				LD_RUNPATH_SEARCH_PATHS = (
					"$(inherited)",
					"@executable_path/Frameworks",
					"@loader_path/Frameworks",
				);
				PRODUCT_BUNDLE_IDENTIFIER = com.test.MVVMCombinePOCTests;
				PRODUCT_NAME = "$(TARGET_NAME)";
				SWIFT_VERSION = 5.0;
				TARGETED_DEVICE_FAMILY = "1,2";
				TEST_HOST = "$(BUILT_PRODUCTS_DIR)/MVVMCombinePOC.app/MVVMCombinePOC";
			};
			name = Release;
		};
		E3BE85502704EBD1000B624A /* Debug */ = {
			isa = XCBuildConfiguration;
			buildSettings = {
				ALWAYS_EMBED_SWIFT_STANDARD_LIBRARIES = YES;
				CODE_SIGN_STYLE = Automatic;
				DEVELOPMENT_TEAM = V48W5BN55R;
				INFOPLIST_FILE = MVVMCombinePOCUITests/Info.plist;
				LD_RUNPATH_SEARCH_PATHS = (
					"$(inherited)",
					"@executable_path/Frameworks",
					"@loader_path/Frameworks",
				);
				PRODUCT_BUNDLE_IDENTIFIER = com.test.MVVMCombinePOCUITests;
				PRODUCT_NAME = "$(TARGET_NAME)";
				SWIFT_VERSION = 5.0;
				TARGETED_DEVICE_FAMILY = "1,2";
				TEST_TARGET_NAME = MVVMCombinePOC;
			};
			name = Debug;
		};
		E3BE85512704EBD1000B624A /* Release */ = {
			isa = XCBuildConfiguration;
			buildSettings = {
				ALWAYS_EMBED_SWIFT_STANDARD_LIBRARIES = YES;
				CODE_SIGN_STYLE = Automatic;
				DEVELOPMENT_TEAM = V48W5BN55R;
				INFOPLIST_FILE = MVVMCombinePOCUITests/Info.plist;
				LD_RUNPATH_SEARCH_PATHS = (
					"$(inherited)",
					"@executable_path/Frameworks",
					"@loader_path/Frameworks",
				);
				PRODUCT_BUNDLE_IDENTIFIER = com.test.MVVMCombinePOCUITests;
				PRODUCT_NAME = "$(TARGET_NAME)";
				SWIFT_VERSION = 5.0;
				TARGETED_DEVICE_FAMILY = "1,2";
				TEST_TARGET_NAME = MVVMCombinePOC;
			};
			name = Release;
		};
/* End XCBuildConfiguration section */

/* Begin XCConfigurationList section */
		E3BE851A2704EBCF000B624A /* Build configuration list for PBXProject "MVVMCombinePOC" */ = {
			isa = XCConfigurationList;
			buildConfigurations = (
				E3BE85472704EBD1000B624A /* Debug */,
				E3BE85482704EBD1000B624A /* Release */,
			);
			defaultConfigurationIsVisible = 0;
			defaultConfigurationName = Release;
		};
		E3BE85492704EBD1000B624A /* Build configuration list for PBXNativeTarget "MVVMCombinePOC" */ = {
			isa = XCConfigurationList;
			buildConfigurations = (
				E3BE854A2704EBD1000B624A /* Debug */,
				E3BE854B2704EBD1000B624A /* Release */,
			);
			defaultConfigurationIsVisible = 0;
			defaultConfigurationName = Release;
		};
		E3BE854C2704EBD1000B624A /* Build configuration list for PBXNativeTarget "MVVMCombinePOCTests" */ = {
			isa = XCConfigurationList;
			buildConfigurations = (
				E3BE854D2704EBD1000B624A /* Debug */,
				E3BE854E2704EBD1000B624A /* Release */,
			);
			defaultConfigurationIsVisible = 0;
			defaultConfigurationName = Release;
		};
		E3BE854F2704EBD1000B624A /* Build configuration list for PBXNativeTarget "MVVMCombinePOCUITests" */ = {
			isa = XCConfigurationList;
			buildConfigurations = (
				E3BE85502704EBD1000B624A /* Debug */,
				E3BE85512704EBD1000B624A /* Release */,
			);
			defaultConfigurationIsVisible = 0;
			defaultConfigurationName = Release;
		};
/* End XCConfigurationList section */
	};
	rootObject = E3BE85172704EBCF000B624A /* Project object */;
}
